# @generated by Move, please check-in and do not edit manually.

[move]
version = 3
manifest_digest = "5EBB8031C1E10E603C9CD10504E5DF4838DC03AD16FC558E0685582F0AB8ED5B"
deps_digest = "F8BBB0CCB2491CA29A3DF03D6F92277A4F3574266507ACD77214D37ECA3F3082"
dependencies = [
  { id = "Sui", name = "Sui" },
]

[[move.package]]
id = "MoveStdlib"
source = { git = "https://github.com/MystenLabs/sui", rev = "framework/testnet", subdir = "crates/sui-framework/packages/move-stdlib" }

[[move.package]]
id = "Sui"
source = { git = "https://github.com/MystenLabs/sui", rev = "framework/testnet", subdir = "crates/sui-framework/packages/sui-framework" }

dependencies = [
  { id = "MoveStdlib", name = "MoveStdlib" },
]

[move.toolchain-version]
compiler-version = "1.59.1"
edition = "2024"
flavor = "sui"

[env]

[env.testnet]
chain-id = "4c78adac"
original-published-id = "0xb99d9a4fa1a0416941b486a4c253f37064b4e51010df65329af2fd8bdb61ae26"
latest-published-id = "0xb99d9a4fa1a0416941b486a4c253f37064b4e51010df65329af2fd8bdb61ae26"
published-version = "1"
